
Microsoft Visual Studio Solution File, Format Version 12.00
# Visual Studio 15
Project("{FAE04EC0-301F-11D3-BF4B-00C04F79EFBC}") = "kursach", "kursach.csproj", "{1EB2CD17-0C5B-1D1C-D350-7DFA2CDBFB5F}"
EndProject
Project("{FAE04EC0-301F-11D3-BF4B-00C04F79EFBC}") = "kursach.Editor", "kursach.Editor.csproj", "{A628C288-6634-1BE6-2422-31A5B57F197E}"
EndProject
Global
	GlobalSection(SolutionConfigurationPlatforms) = preSolution
		Debug|Any CPU = Debug|Any CPU
		Release|Any CPU = Release|Any CPU
	EndGlobalSection
	GlobalSection(ProjectConfigurationPlatforms) = postSolution
		{1EB2CD17-0C5B-1D1C-D350-7DFA2CDBFB5F}.Debug|Any CPU.ActiveCfg = Debug|Any CPU
		{1EB2CD17-0C5B-1D1C-D350-7DFA2CDBFB5F}.Debug|Any CPU.Build.0 = Debug|Any CPU
		{1EB2CD17-0C5B-1D1C-D350-7DFA2CDBFB5F}.Release|Any CPU.ActiveCfg = Release|Any CPU
		{1EB2CD17-0C5B-1D1C-D350-7DFA2CDBFB5F}.Release|Any CPU.Build.0 = Release|Any CPU
		{A628C288-6634-1BE6-2422-31A5B57F197E}.Debug|Any CPU.ActiveCfg = Debug|Any CPU
		{A628C288-6634-1BE6-2422-31A5B57F197E}.Debug|Any CPU.Build.0 = Debug|Any CPU
		{A628C288-6634-1BE6-2422-31A5B57F197E}.Release|Any CPU.ActiveCfg = Release|Any CPU
		{A628C288-6634-1BE6-2422-31A5B57F197E}.Release|Any CPU.Build.0 = Release|Any CPU
	EndGlobalSection
	GlobalSection(SolutionProperties) = preSolution
		HideSolutionNode = FALSE
	EndGlobalSection
EndGlobal
